// !$*UTF8*$!
{
	archiveVersion = 1;
	classes = {
	};
	objectVersion = 50;
	objects = {

/* Begin PBXBuildFile section */
		1F93769BABD525A3477DC809 /* Pods_PostList_Demo.framework in Frameworks */ = {isa = PBXBuildFile; fileRef = 956572D671B79863B1470F24 /* Pods_PostList_Demo.framework */; };
		5CCA0F3A22F44E86006A2A2A /* AppDelegate.swift in Sources */ = {isa = PBXBuildFile; fileRef = 5CCA0F3922F44E86006A2A2A /* AppDelegate.swift */; };
		5CCA0F3C22F44E86006A2A2A /* ViewController.swift in Sources */ = {isa = PBXBuildFile; fileRef = 5CCA0F3B22F44E86006A2A2A /* ViewController.swift */; };
		5CCA0F3F22F44E86006A2A2A /* Main.storyboard in Resources */ = {isa = PBXBuildFile; fileRef = 5CCA0F3D22F44E86006A2A2A /* Main.storyboard */; };
		5CCA0F4122F44E87006A2A2A /* Assets.xcassets in Resources */ = {isa = PBXBuildFile; fileRef = 5CCA0F4022F44E87006A2A2A /* Assets.xcassets */; };
		5CCA0F4422F44E87006A2A2A /* LaunchScreen.storyboard in Resources */ = {isa = PBXBuildFile; fileRef = 5CCA0F4222F44E87006A2A2A /* LaunchScreen.storyboard */; };
		5CCA0F4F22F44F43006A2A2A /* PostModel.swift in Sources */ = {isa = PBXBuildFile; fileRef = 5CCA0F4E22F44F43006A2A2A /* PostModel.swift */; };
/* End PBXBuildFile section */

/* Begin PBXFileReference section */
		279F4566562BBA6464693383 /* Pods-PostList_Demo.debug.xcconfig */ = {isa = PBXFileReference; includeInIndex = 1; lastKnownFileType = text.xcconfig; name = "Pods-PostList_Demo.debug.xcconfig"; path = "Pods/Target Support Files/Pods-PostList_Demo/Pods-PostList_Demo.debug.xcconfig"; sourceTree = "<group>"; };
		5CCA0F3622F44E86006A2A2A /* PostList_Demo.app */ = {isa = PBXFileReference; explicitFileType = wrapper.application; includeInIndex = 0; path = PostList_Demo.app; sourceTree = BUILT_PRODUCTS_DIR; };
		5CCA0F3922F44E86006A2A2A /* AppDelegate.swift */ = {isa = PBXFileReference; lastKnownFileType = sourcecode.swift; path = AppDelegate.swift; sourceTree = "<group>"; };
		5CCA0F3B22F44E86006A2A2A /* ViewController.swift */ = {isa = PBXFileReference; lastKnownFileType = sourcecode.swift; path = ViewController.swift; sourceTree = "<group>"; };
		5CCA0F3E22F44E86006A2A2A /* Base */ = {isa = PBXFileReference; lastKnownFileType = file.storyboard; name = Base; path = Base.lproj/Main.storyboard; sourceTree = "<group>"; };
		5CCA0F4022F44E87006A2A2A /* Assets.xcassets */ = {isa = PBXFileReference; lastKnownFileType = folder.assetcatalog; path = Assets.xcassets; sourceTree = "<group>"; };
		5CCA0F4322F44E87006A2A2A /* Base */ = {isa = PBXFileReference; lastKnownFileType = file.storyboard; name = Base; path = Base.lproj/LaunchScreen.storyboard; sourceTree = "<group>"; };
		5CCA0F4522F44E87006A2A2A /* Info.plist */ = {isa = PBXFileReference; lastKnownFileType = text.plist.xml; path = Info.plist; sourceTree = "<group>"; };
		5CCA0F4E22F44F43006A2A2A /* PostModel.swift */ = {isa = PBXFileReference; lastKnownFileType = sourcecode.swift; path = PostModel.swift; sourceTree = "<group>"; };
		956572D671B79863B1470F24 /* Pods_PostList_Demo.framework */ = {isa = PBXFileReference; explicitFileType = wrapper.framework; includeInIndex = 0; path = Pods_PostList_Demo.framework; sourceTree = BUILT_PRODUCTS_DIR; };
		CDEA6791111D4203811B65AA /* Pods-PostList_Demo.release.xcconfig */ = {isa = PBXFileReference; includeInIndex = 1; lastKnownFileType = text.xcconfig; name = "Pods-PostList_Demo.release.xcconfig"; path = "Pods/Target Support Files/Pods-PostList_Demo/Pods-PostList_Demo.release.xcconfig"; sourceTree = "<group>"; };
/* End PBXFileReference section */

/* Begin PBXFrameworksBuildPhase section */
		5CCA0F3322F44E86006A2A2A /* Frameworks */ = {
			isa = PBXFrameworksBuildPhase;
			buildActionMask = 2147483647;
			files = (
				1F93769BABD525A3477DC809 /* Pods_PostList_Demo.framework in Frameworks */,
			);
			runOnlyForDeploymentPostprocessing = 0;
		};
/* End PBXFrameworksBuildPhase section */

/* Begin PBXGroup section */
		2F2D1032BBFAC26C5B6582FC /* Pods */ = {
			isa = PBXGroup;
			children = (
				279F4566562BBA6464693383 /* Pods-PostList_Demo.debug.xcconfig */,
				CDEA6791111D4203811B65AA /* Pods-PostList_Demo.release.xcconfig */,
			);
			name = Pods;
			sourceTree = "<group>";
		};
		4D30E5A6403E66CBCE31E700 /* Frameworks */ = {
			isa = PBXGroup;
			children = (
				956572D671B79863B1470F24 /* Pods_PostList_Demo.framework */,
			);
			name = Frameworks;
			sourceTree = "<group>";
		};
		5CCA0F2D22F44E86006A2A2A = {
			isa = PBXGroup;
			children = (
				5CCA0F3822F44E86006A2A2A /* PostList_Demo */,
				5CCA0F3722F44E86006A2A2A /* Products */,
				2F2D1032BBFAC26C5B6582FC /* Pods */,
				4D30E5A6403E66CBCE31E700 /* Frameworks */,
			);
			sourceTree = "<group>";
		};
		5CCA0F3722F44E86006A2A2A /* Products */ = {
			isa = PBXGroup;
			children = (
				5CCA0F3622F44E86006A2A2A /* PostList_Demo.app */,
			);
			name = Products;
			sourceTree = "<group>";
		};
		5CCA0F3822F44E86006A2A2A /* PostList_Demo */ = {
			isa = PBXGroup;
			children = (
				5CCA0F3922F44E86006A2A2A /* AppDelegate.swift */,
				5CCA0F3B22F44E86006A2A2A /* ViewController.swift */,
				5CCA0F3D22F44E86006A2A2A /* Main.storyboard */,
				5CCA0F4D22F44F17006A2A2A /* Model */,
				5CCA0F4C22F44F17006A2A2A /* TableViewCell */,
				5CCA0F4B22F44EFF006A2A2A /* NetworkLayer */,
				5CCA0F4022F44E87006A2A2A /* Assets.xcassets */,
				5CCA0F4222F44E87006A2A2A /* LaunchScreen.storyboard */,
				5CCA0F4522F44E87006A2A2A /* Info.plist */,
			);
			path = PostList_Demo;
			sourceTree = "<group>";
		};
		5CCA0F4B22F44EFF006A2A2A /* NetworkLayer */ = {
			isa = PBXGroup;
			children = (
			);
			path = NetworkLayer;
			sourceTree = "<group>";
		};
		5CCA0F4C22F44F17006A2A2A /* TableViewCell */ = {
			isa = PBXGroup;
			children = (
			);
			path = TableViewCell;
			sourceTree = "<group>";
		};
		5CCA0F4D22F44F17006A2A2A /* Model */ = {
			isa = PBXGroup;
			children = (
				5CCA0F4E22F44F43006A2A2A /* PostModel.swift */,
			);
			path = Model;
			sourceTree = "<group>";
		};
/* End PBXGroup section */

/* Begin PBXNativeTarget section */
		5CCA0F3522F44E86006A2A2A /* PostList_Demo */ = {
			isa = PBXNativeTarget;
			buildConfigurationList = 5CCA0F4822F44E87006A2A2A /* Build configuration list for PBXNativeTarget "PostList_Demo" */;
			buildPhases = (
				04A7751AA3AB7039A3AFC3D9 /* [CP] Check Pods Manifest.lock */,
				5CCA0F3222F44E86006A2A2A /* Sources */,
				5CCA0F3322F44E86006A2A2A /* Frameworks */,
				5CCA0F3422F44E86006A2A2A /* Resources */,
				54ACDE1091ECB336135FA7C4 /* [CP] Embed Pods Frameworks */,
			);
			buildRules = (
			);
			dependencies = (
			);
			name = PostList_Demo;
			productName = PostList_Demo;
			productReference = 5CCA0F3622F44E86006A2A2A /* PostList_Demo.app */;
			productType = "com.apple.product-type.application";
		};
/* End PBXNativeTarget section */

/* Begin PBXProject section */
		5CCA0F2E22F44E86006A2A2A /* Project object */ = {
			isa = PBXProject;
			attributes = {
				LastSwiftUpdateCheck = 1020;
				LastUpgradeCheck = 1020;
				ORGANIZATIONNAME = MAC190;
				TargetAttributes = {
					5CCA0F3522F44E86006A2A2A = {
						CreatedOnToolsVersion = 10.2.1;
					};
				};
			};
			buildConfigurationList = 5CCA0F3122F44E86006A2A2A /* Build configuration list for PBXProject "PostList_Demo" */;
			compatibilityVersion = "Xcode 9.3";
			developmentRegion = en;
			hasScannedForEncodings = 0;
			knownRegions = (
				en,
				Base,
			);
			mainGroup = 5CCA0F2D22F44E86006A2A2A;
			productRefGroup = 5CCA0F3722F44E86006A2A2A /* Products */;
			projectDirPath = "";
			projectRoot = "";
			targets = (
				5CCA0F3522F44E86006A2A2A /* PostList_Demo */,
			);
		};
/* End PBXProject section */

/* Begin PBXResourcesBuildPhase section */
		5CCA0F3422F44E86006A2A2A /* Resources */ = {
			isa = PBXResourcesBuildPhase;
			buildActionMask = 2147483647;
			files = (
				5CCA0F4422F44E87006A2A2A /* LaunchScreen.storyboard in Resources */,
				5CCA0F4122F44E87006A2A2A /* Assets.xcassets in Resources */,
				5CCA0F3F22F44E86006A2A2A /* Main.storyboard in Resources */,
			);
			runOnlyForDeploymentPostprocessing = 0;
		};
/* End PBXResourcesBuildPhase section */

/* Begin PBXShellScriptBuildPhase section */
		04A7751AA3AB7039A3AFC3D9 /* [CP] Check Pods Manifest.lock */ = {
			isa = PBXShellScriptBuildPhase;
			buildActionMask = 2147483647;
			files = (
			);
			inputFileListPaths = (
			);
			inputPaths = (
				"${PODS_PODFILE_DIR_PATH}/Podfile.lock",
				"${PODS_ROOT}/Manifest.lock",
			);
			name = "[CP] Check Pods Manifest.lock";
			outputFileListPaths = (
			);
			outputPaths = (
				"$(DERIVED_FILE_DIR)/Pods-PostList_Demo-checkManifestLockResult.txt",
			);
			runOnlyForDeploymentPostprocessing = 0;
			shellPath = /bin/sh;
			shellScript = "diff \"${PODS_PODFILE_DIR_PATH}/Podfile.lock\" \"${PODS_ROOT}/Manifest.lock\" > /dev/null\nif [ $? != 0 ] ; then\n    # print error to STDERR\n    echo \"error: The sandbox is not in sync with the Podfile.lock. Run 'pod install' or update your CocoaPods installation.\" >&2\n    exit 1\nfi\n# This output is used by Xcode 'outputs' to avoid re-running this script phase.\necho \"SUCCESS\" > \"${SCRIPT_OUTPUT_FILE_0}\"\n";
			showEnvVarsInLog = 0;
		};
		54ACDE1091ECB336135FA7C4 /* [CP] Embed Pods Frameworks */ = {
			isa = PBXShellScriptBuildPhase;
			buildActionMask = 2147483647;
			files = (
			);
			inputFileListPaths = (
			);
			inputPaths = (
				"${SRCROOT}/Pods/Target Support Files/Pods-PostList_Demo/Pods-PostList_Demo-frameworks.sh",
				"${BUILT_PRODUCTS_DIR}/Alamofire/Alamofire.framework",
				"${BUILT_PRODUCTS_DIR}/DZNEmptyDataSet/DZNEmptyDataSet.framework",
				"${BUILT_PRODUCTS_DIR}/SwiftyJSON/SwiftyJSON.framework",
			);
			name = "[CP] Embed Pods Frameworks";
			outputFileListPaths = (
			);
			outputPaths = (
				"${TARGET_BUILD_DIR}/${FRAMEWORKS_FOLDER_PATH}/Alamofire.framework",
				"${TARGET_BUILD_DIR}/${FRAMEWORKS_FOLDER_PATH}/DZNEmptyDataSet.framework",
				"${TARGET_BUILD_DIR}/${FRAMEWORKS_FOLDER_PATH}/SwiftyJSON.framework",
			);
			runOnlyForDeploymentPostprocessing = 0;
			shellPath = /bin/sh;
			shellScript = "\"${SRCROOT}/Pods/Target Support Files/Pods-PostList_Demo/Pods-PostList_Demo-frameworks.sh\"\n";
			showEnvVarsInLog = 0;
		};
/* End PBXShellScriptBuildPhase section */

/* Begin PBXSourcesBuildPhase section */
		5CCA0F3222F44E86006A2A2A /* Sources */ = {
			isa = PBXSourcesBuildPhase;
			buildActionMask = 2147483647;
			files = (
				5CCA0F3C22F44E86006A2A2A /* ViewController.swift in Sources */,
				5CCA0F4F22F44F43006A2A2A /* PostModel.swift in Sources */,
				5CCA0F3A22F44E86006A2A2A /* AppDelegate.swift in Sources */,
			);
			runOnlyForDeploymentPostprocessing = 0;
		};
/* End PBXSourcesBuildPhase section */

/* Begin PBXVariantGroup section */
		5CCA0F3D22F44E86006A2A2A /* Main.storyboard */ = {
			isa = PBXVariantGroup;
			children = (
				5CCA0F3E22F44E86006A2A2A /* Base */,
			);
			name = Main.storyboard;
			sourceTree = "<group>";
		};
		5CCA0F4222F44E87006A2A2A /* LaunchScreen.storyboard */ = {
			isa = PBXVariantGroup;
			children = (
				5CCA0F4322F44E87006A2A2A /* Base */,
			);
			name = LaunchScreen.storyboard;
			sourceTree = "<group>";
		};
/* End PBXVariantGroup section */

/* Begin XCBuildConfiguration section */
		5CCA0F4622F44E87006A2A2A /* Debug */ = {
			isa = XCBuildConfiguration;
			buildSettings = {
				ALWAYS_SEARCH_USER_PATHS = NO;
				CLANG_ANALYZER_NONNULL = YES;
				CLANG_ANALYZER_NUMBER_OBJECT_CONVERSION = YES_AGGRESSIVE;
				CLANG_CXX_LANGUAGE_STANDARD = "gnu++14";
				CLANG_CXX_LIBRARY = "libc++";
				CLANG_ENABLE_MODULES = YES;
				CLANG_ENABLE_OBJC_ARC = YES;
				CLANG_ENABLE_OBJC_WEAK = YES;
				CLANG_WARN_BLOCK_CAPTURE_AUTORELEASING = YES;
				CLANG_WARN_BOOL_CONVERSION = YES;
				CLANG_WARN_COMMA = YES;
				CLANG_WARN_CONSTANT_CONVERSION = YES;
				CLANG_WARN_DEPRECATED_OBJC_IMPLEMENTATIONS = YES;
				CLANG_WARN_DIRECT_OBJC_ISA_USAGE = YES_ERROR;
				CLANG_WARN_DOCUMENTATION_COMMENTS = YES;
				CLANG_WARN_EMPTY_BODY = YES;
				CLANG_WARN_ENUM_CONVERSION = YES;
				CLANG_WARN_INFINITE_RECURSION = YES;
				CLANG_WARN_INT_CONVERSION = YES;
				CLANG_WARN_NON_LITERAL_NULL_CONVERSION = YES;
				CLANG_WARN_OBJC_IMPLICIT_RETAIN_SELF = YES;
				CLANG_WARN_OBJC_LITERAL_CONVERSION = YES;
				CLANG_WARN_OBJC_ROOT_CLASS = YES_ERROR;
				CLANG_WARN_RANGE_LOOP_ANALYSIS = YES;
				CLANG_WARN_STRICT_PROTOTYPES = YES;
				CLANG_WARN_SUSPICIOUS_MOVE = YES;
				CLANG_WARN_UNGUARDED_AVAILABILITY = YES_AGGRESSIVE;
				CLANG_WARN_UNREACHABLE_CODE = YES;
				CLANG_WARN__DUPLICATE_METHOD_MATCH = YES;
				CODE_SIGN_IDENTITY = "iPhone Developer";
				COPY_PHASE_STRIP = NO;
				DEBUG_INFORMATION_FORMAT = dwarf;
				ENABLE_STRICT_OBJC_MSGSEND = YES;
				ENABLE_TESTABILITY = YES;
				GCC_C_LANGUAGE_STANDARD = gnu11;
				GCC_DYNAMIC_NO_PIC = NO;
				GCC_NO_COMMON_BLOCKS = YES;
				GCC_OPTIMIZATION_LEVEL = 0;
				GCC_PREPROCESSOR_DEFINITIONS = (
					"DEBUG=1",
					"$(inherited)",
				);
				GCC_WARN_64_TO_32_BIT_CONVERSION = YES;
				GCC_WARN_ABOUT_RETURN_TYPE = YES_ERROR;
				GCC_WARN_UNDECLARED_SELECTOR = YES;
				GCC_WARN_UNINITIALIZED_AUTOS = YES_AGGRESSIVE;
				GCC_WARN_UNUSED_FUNCTION = YES;
				GCC_WARN_UNUSED_VARIABLE = YES;
				IPHONEOS_DEPLOYMENT_TARGET = 12.2;
				MTL_ENABLE_DEBUG_INFO = INCLUDE_SOURCE;
				MTL_FAST_MATH = YES;
				ONLY_ACTIVE_ARCH = YES;
				SDKROOT = iphoneos;
				SWIFT_ACTIVE_COMPILATION_CONDITIONS = DEBUG;
				SWIFT_OPTIMIZATION_LEVEL = "-Onone";
			};
			name = Debug;
		};
		5CCA0F4722F44E87006A2A2A /* Release */ = {
			isa = XCBuildConfiguration;
			buildSettings = {
				ALWAYS_SEARCH_USER_PATHS = NO;
				CLANG_ANALYZER_NONNULL = YES;
				CLANG_ANALYZER_NUMBER_OBJECT_CONVERSION = YES_AGGRESSIVE;
				CLANG_CXX_LANGUAGE_STANDARD = "gnu++14";
				CLANG_CXX_LIBRARY = "libc++";
				CLANG_ENABLE_MODULES = YES;
				CLANG_ENABLE_OBJC_ARC = YES;
				CLANG_ENABLE_OBJC_WEAK = YES;
				CLANG_WARN_BLOCK_CAPTURE_AUTORELEASING = YES;
				CLANG_WARN_BOOL_CONVERSION = YES;
				CLANG_WARN_COMMA = YES;
				CLANG_WARN_CONSTANT_CONVERSION = YES;
				CLANG_WARN_DEPRECATED_OBJC_IMPLEMENTATIONS = YES;
				CLANG_WARN_DIRECT_OBJC_ISA_USAGE = YES_ERROR;
				CLANG_WARN_DOCUMENTATION_COMMENTS = YES;
				CLANG_WARN_EMPTY_BODY = YES;
				CLANG_WARN_ENUM_CONVERSION = YES;
				CLANG_WARN_INFINITE_RECURSION = YES;
				CLANG_WARN_INT_CONVERSION = YES;
				CLANG_WARN_NON_LITERAL_NULL_CONVERSION = YES;
				CLANG_WARN_OBJC_IMPLICIT_RETAIN_SELF = YES;
				CLANG_WARN_OBJC_LITERAL_CONVERSION = YES;
				CLANG_WARN_OBJC_ROOT_CLASS = YES_ERROR;
				CLANG_WARN_RANGE_LOOP_ANALYSIS = YES;
				CLANG_WARN_STRICT_PROTOTYPES = YES;
				CLANG_WARN_SUSPICIOUS_MOVE = YES;
				CLANG_WARN_UNGUARDED_AVAILABILITY = YES_AGGRESSIVE;
				CLANG_WARN_UNREACHABLE_CODE = YES;
				CLANG_WARN__DUPLICATE_METHOD_MATCH = YES;
				CODE_SIGN_IDENTITY = "iPhone Developer";
				COPY_PHASE_STRIP = NO;
				DEBUG_INFORMATION_FORMAT = "dwarf-with-dsym";
				ENABLE_NS_ASSERTIONS = NO;
				ENABLE_STRICT_OBJC_MSGSEND = YES;
				GCC_C_LANGUAGE_STANDARD = gnu11;
				GCC_NO_COMMON_BLOCKS = YES;
				GCC_WARN_64_TO_32_BIT_CONVERSION = YES;
				GCC_WARN_ABOUT_RETURN_TYPE = YES_ERROR;
				GCC_WARN_UNDECLARED_SELECTOR = YES;
				GCC_WARN_UNINITIALIZED_AUTOS = YES_AGGRESSIVE;
				GCC_WARN_UNUSED_FUNCTION = YES;
				GCC_WARN_UNUSED_VARIABLE = YES;
				IPHONEOS_DEPLOYMENT_TARGET = 12.2;
				MTL_ENABLE_DEBUG_INFO = NO;
				MTL_FAST_MATH = YES;
				SDKROOT = iphoneos;
				SWIFT_COMPILATION_MODE = wholemodule;
				SWIFT_OPTIMIZATION_LEVEL = "-O";
				VALIDATE_PRODUCT = YES;
			};
			name = Release;
		};
		5CCA0F4922F44E87006A2A2A /* Debug */ = {
			isa = XCBuildConfiguration;
			baseConfigurationReference = 279F4566562BBA6464693383 /* Pods-PostList_Demo.debug.xcconfig */;
			buildSettings = {
				ASSETCATALOG_COMPILER_APPICON_NAME = AppIcon;
				CODE_SIGN_STYLE = Automatic;
				INFOPLIST_FILE = PostList_Demo/Info.plist;
				LD_RUNPATH_SEARCH_PATHS = (
					"$(inherited)",
					"@executable_path/Frameworks",
				);
				PRODUCT_BUNDLE_IDENTIFIER = "com.app.chiragdip.PostList-Demo";
				PRODUCT_NAME = "$(TARGET_NAME)";
				SWIFT_VERSION = 5.0;
				TARGETED_DEVICE_FAMILY = "1,2";
			};
			name = Debug;
		};
		5CCA0F4A22F44E87006A2A2A /* Release */ = {
			isa = XCBuildConfiguration;
			baseConfigurationReference = CDEA6791111D4203811B65AA /* Pods-PostList_Demo.release.xcconfig */;
			buildSettings = {
				ASSETCATALOG_COMPILER_APPICON_NAME = AppIcon;
				CODE_SIGN_STYLE = Automatic;
				INFOPLIST_FILE = PostList_Demo/Info.plist;
				LD_RUNPATH_SEARCH_PATHS = (
					"$(inherited)",
					"@executable_path/Frameworks",
				);
				PRODUCT_BUNDLE_IDENTIFIER = "com.app.chiragdip.PostList-Demo";
				PRODUCT_NAME = "$(TARGET_NAME)";
				SWIFT_VERSION = 5.0;
				TARGETED_DEVICE_FAMILY = "1,2";
			};
			name = Release;
		};
/* End XCBuildConfiguration section */

/* Begin XCConfigurationList section */
		5CCA0F3122F44E86006A2A2A /* Build configuration list for PBXProject "PostList_Demo" */ = {
			isa = XCConfigurationList;
			buildConfigurations = (
				5CCA0F4622F44E87006A2A2A /* Debug */,
				5CCA0F4722F44E87006A2A2A /* Release */,
			);
			defaultConfigurationIsVisible = 0;
			defaultConfigurationName = Release;
		};
		5CCA0F4822F44E87006A2A2A /* Build configuration list for PBXNativeTarget "PostList_Demo" */ = {
			isa = XCConfigurationList;
			buildConfigurations = (
				5CCA0F4922F44E87006A2A2A /* Debug */,
				5CCA0F4A22F44E87006A2A2A /* Release */,
			);
			defaultConfigurationIsVisible = 0;
			defaultConfigurationName = Release;
		};
/* End XCConfigurationList section */
	};
	rootObject = 5CCA0F2E22F44E86006A2A2A /* Project object */;
}
